
Microsoft Visual Studio Solution File, Format Version 12.00
# Visual Studio Version 16
VisualStudioVersion = 16.0.30804.86
MinimumVisualStudioVersion = 10.0.40219.1
Project("{FAE04EC0-301F-11D3-BF4B-00C04F79EFBC}") = "ASPNETCorePractice", "ASPNETCorePractice.csproj", "{6922790C-88F3-4774-BF9D-290A051F7926}"
EndProject
Global
	GlobalSection(SolutionConfigurationPlatforms) = preSolution
		Debug|Any CPU = Debug|Any CPU
		Release|Any CPU = Release|Any CPU
	EndGlobalSection
	GlobalSection(ProjectConfigurationPlatforms) = postSolution
		{6922790C-88F3-4774-BF9D-290A051F7926}.Debug|Any CPU.ActiveCfg = Debug|Any CPU
		{6922790C-88F3-4774-BF9D-290A051F7926}.Debug|Any CPU.Build.0 = Debug|Any CPU
		{6922790C-88F3-4774-BF9D-290A051F7926}.Release|Any CPU.ActiveCfg = Release|Any CPU
		{6922790C-88F3-4774-BF9D-290A051F7926}.Release|Any CPU.Build.0 = Release|Any CPU
	EndGlobalSection
	GlobalSection(SolutionProperties) = preSolution
		HideSolutionNode = FALSE
	EndGlobalSection
	GlobalSection(ExtensibilityGlobals) = postSolution
		SolutionGuid = {BA8EC54A-A81E-484C-9118-D6C03F7A253F}
	EndGlobalSection
EndGlobal
